
Microsoft Visual Studio Solution File, Format Version 12.00
# Visual Studio 15
VisualStudioVersion = 15.0.28307.168
MinimumVisualStudioVersion = 10.0.40219.1
Project("{FAE04EC0-301F-11D3-BF4B-00C04F79EFBC}") = "MyStore", "MyStore\MyStore.csproj", "{FE59E277-0A9C-48B3-A074-4F9F1BEC6335}"
EndProject
Project("{FAE04EC0-301F-11D3-BF4B-00C04F79EFBC}") = "BDD", "BDD\BDD.csproj", "{C8AE2BC4-E274-4564-B407-8DDD0DF3AB38}"
EndProject
Global
	GlobalSection(SolutionConfigurationPlatforms) = preSolution
		Debug|Any CPU = Debug|Any CPU
		Release|Any CPU = Release|Any CPU
	EndGlobalSection
	GlobalSection(ProjectConfigurationPlatforms) = postSolution
		{FE59E277-0A9C-48B3-A074-4F9F1BEC6335}.Debug|Any CPU.ActiveCfg = Debug|Any CPU
		{FE59E277-0A9C-48B3-A074-4F9F1BEC6335}.Debug|Any CPU.Build.0 = Debug|Any CPU
		{FE59E277-0A9C-48B3-A074-4F9F1BEC6335}.Release|Any CPU.ActiveCfg = Release|Any CPU
		{FE59E277-0A9C-48B3-A074-4F9F1BEC6335}.Release|Any CPU.Build.0 = Release|Any CPU
		{C8AE2BC4-E274-4564-B407-8DDD0DF3AB38}.Debug|Any CPU.ActiveCfg = Debug|Any CPU
		{C8AE2BC4-E274-4564-B407-8DDD0DF3AB38}.Debug|Any CPU.Build.0 = Debug|Any CPU
		{C8AE2BC4-E274-4564-B407-8DDD0DF3AB38}.Release|Any CPU.ActiveCfg = Release|Any CPU
		{C8AE2BC4-E274-4564-B407-8DDD0DF3AB38}.Release|Any CPU.Build.0 = Release|Any CPU
	EndGlobalSection
	GlobalSection(SolutionProperties) = preSolution
		HideSolutionNode = FALSE
	EndGlobalSection
	GlobalSection(ExtensibilityGlobals) = postSolution
		SolutionGuid = {C1BE8F0B-EB88-4AA3-BFD4-3578F22E4211}
	EndGlobalSection
EndGlobal
